
Microsoft Visual Studio Solution File, Format Version 12.00
# Visual Studio Version 17
VisualStudioVersion = 17.11.35312.102
MinimumVisualStudioVersion = 10.0.40219.1
Project("{FAE04EC0-301F-11D3-BF4B-00C04F79EFBC}") = "APIDRODIN", "APIDRODIN\APIDRODIN.csproj", "{EC3A4A90-25FB-437D-A8DC-CBECF572DED7}"
EndProject
Global
	GlobalSection(SolutionConfigurationPlatforms) = preSolution
		Debug|Any CPU = Debug|Any CPU
		Release|Any CPU = Release|Any CPU
	EndGlobalSection
	GlobalSection(ProjectConfigurationPlatforms) = postSolution
		{EC3A4A90-25FB-437D-A8DC-CBECF572DED7}.Debug|Any CPU.ActiveCfg = Debug|Any CPU
		{EC3A4A90-25FB-437D-A8DC-CBECF572DED7}.Debug|Any CPU.Build.0 = Debug|Any CPU
		{EC3A4A90-25FB-437D-A8DC-CBECF572DED7}.Release|Any CPU.ActiveCfg = Release|Any CPU
		{EC3A4A90-25FB-437D-A8DC-CBECF572DED7}.Release|Any CPU.Build.0 = Release|Any CPU
	EndGlobalSection
	GlobalSection(SolutionProperties) = preSolution
		HideSolutionNode = FALSE
	EndGlobalSection
	GlobalSection(ExtensibilityGlobals) = postSolution
		SolutionGuid = {AAB447D7-FBA4-45F5-B28C-962BFDD1D731}
	EndGlobalSection
EndGlobal
